# THIS IS AN AUTOGENERATED FILE. DO NOT EDIT THIS FILE DIRECTLY.
# yarn lockfile v1


"@babel/runtime@^7.9.2":
  version "7.21.0"
  resolved "https://registry.yarnpkg.com/@babel/runtime/-/runtime-7.21.0.tgz#5b55c9d394e5fcf304909a8b00c07dc217b56673"
  integrity sha512-xwII0//EObnq89Ji5AKYQaRYiW/nZ3llSv29d49IuxPhKbtJoLP+9QUUZ4nVragQVtaVGeZrpB+ZtG/Pdy/POw==
  dependencies:
    regenerator-runtime "^0.13.11"

"@reduxjs/toolkit@^1.9.3":
  version "1.9.3"
  resolved "https://registry.yarnpkg.com/@reduxjs/toolkit/-/toolkit-1.9.3.tgz#27e1a33072b5a312e4f7fa19247fec160bbb2df9"
  integrity sha512-GU2TNBQVofL09VGmuSioNPQIu6Ml0YLf4EJhgj0AvBadRlCGzUWet8372LjvO4fqKZF2vH1xU0htAa7BrK9pZg==
  dependencies:
    immer "^9.0.16"
    redux "^4.2.0"
    redux-thunk "^2.4.2"
    reselect "^4.1.7"

deep-diff@^0.3.5:
  version "0.3.8"
  resolved "https://registry.yarnpkg.com/deep-diff/-/deep-diff-0.3.8.tgz#c01de63efb0eec9798801d40c7e0dae25b582c84"
  integrity sha512-yVn6RZmHiGnxRKR9sJb3iVV2XTF1Ghh2DiWRZ3dMnGc43yUdWWF/kX6lQyk3+P84iprfWKU/8zFTrlkvtFm1ug==

immer@^9.0.16:
  version "9.0.19"
  resolved "https://registry.yarnpkg.com/immer/-/immer-9.0.19.tgz#67fb97310555690b5f9cd8380d38fc0aabb6b38b"
  integrity sha512-eY+Y0qcsB4TZKwgQzLaE/lqYMlKhv5J9dyd2RhhtGhNo2njPXDqU9XPfcNfa3MIDsdtZt5KlkIsirlo4dHsWdQ==

node-fetch@^2.6.7:
  version "2.6.9"
  resolved "https://registry.yarnpkg.com/node-fetch/-/node-fetch-2.6.9.tgz#7c7f744b5cc6eb5fd404e0c7a9fec630a55657e6"
  integrity sha512-DJm/CJkZkRjKKj4Zi4BsKVZh3ValV5IR5s7LVZnW+6YMh0W1BfNA8XSs6DLMGYlId5F3KnA70uu2qepcR08Qqg==
  dependencies:
    whatwg-url "^5.0.0"

redux-logger@^3.0.6:
  version "3.0.6"
  resolved "https://registry.yarnpkg.com/redux-logger/-/redux-logger-3.0.6.tgz#f7555966f3098f3c88604c449cf0baf5778274bf"
  integrity sha512-JoCIok7bg/XpqA1JqCqXFypuqBbQzGQySrhFzewB7ThcnysTO30l4VCst86AuB9T9tuT03MAA56Jw2PNhRSNCg==
  dependencies:
    deep-diff "^0.3.5"

redux-thunk@^2.4.2:
  version "2.4.2"
  resolved "https://registry.yarnpkg.com/redux-thunk/-/redux-thunk-2.4.2.tgz#b9d05d11994b99f7a91ea223e8b04cf0afa5ef3b"
  integrity sha512-+P3TjtnP0k/FEjcBL5FZpoovtvrTNT/UXd4/sluaSyrURlSlhLSzEdfsTBW7WsKB6yPvgd7q/iZPICFjW4o57Q==

redux@^4.2.0:
  version "4.2.1"
  resolved "https://registry.yarnpkg.com/redux/-/redux-4.2.1.tgz#c08f4306826c49b5e9dc901dee0452ea8fce6197"
  integrity sha512-LAUYz4lc+Do8/g7aeRa8JkyDErK6ekstQaqWQrNRW//MY1TvCEpMtpTWvlQ+FPbWCx+Xixu/6SHt5N0HR+SB4w==
  dependencies:
    "@babel/runtime" "^7.9.2"

regenerator-runtime@^0.13.11:
  version "0.13.11"
  resolved "https://registry.yarnpkg.com/regenerator-runtime/-/regenerator-runtime-0.13.11.tgz#f6dca3e7ceec20590d07ada785636a90cdca17f9"
  integrity sha512-kY1AZVr2Ra+t+piVaJ4gxaFaReZVH40AKNo7UCX6W+dEwBo/2oZJzqfuN1qLq1oL45o56cPaTXELwrTh8Fpggg==

reselect@^4.1.7:
  version "4.1.7"
  resolved "https://registry.yarnpkg.com/reselect/-/reselect-4.1.7.tgz#56480d9ff3d3188970ee2b76527bd94a95567a42"
  integrity sha512-Zu1xbUt3/OPwsXL46hvOOoQrap2azE7ZQbokq61BQfiXvhewsKDwhMeZjTX9sX0nvw1t/U5Audyn1I9P/m9z0A==

tr46@~0.0.3:
  version "0.0.3"
  resolved "https://registry.yarnpkg.com/tr46/-/tr46-0.0.3.tgz#8184fd347dac9cdc185992f3a6622e14b9d9ab6a"
  integrity sha512-N3WMsuqV66lT30CrXNbEjx4GEwlow3v6rr4mCcv6prnfwhS01rkgyFdjPNBYd9br7LpXV1+Emh01fHnq2Gdgrw==

webidl-conversions@^3.0.0:
  version "3.0.1"
  resolved "https://registry.yarnpkg.com/webidl-conversions/-/webidl-conversions-3.0.1.tgz#24534275e2a7bc6be7bc86611cc16ae0a5654871"
  integrity sha512-2JAn3z8AR6rjK8Sm8orRC0h/bcl/DqL7tRPdGZ4I1CjdF+EaMLmYxBHyXuKL849eucPFhvBoxMsflfOb8kxaeQ==

whatwg-url@^5.0.0:
  version "5.0.0"
  resolved "https://registry.yarnpkg.com/whatwg-url/-/whatwg-url-5.0.0.tgz#966454e8765462e37644d3626f6742ce8b70965d"
  integrity sha512-saE57nupxk6v3HY35+jzBwYa0rKSy0XR8JSxZPwgLr7ys0IBzhGviA1/TUGJLmSVqs8pb9AnvICXEuOHLprYTw==
  dependencies:
    tr46 "~0.0.3"
    webidl-conversions "^3.0.0"
